// !$*UTF8*$!
{
	archiveVersion = 1;
	classes = {
	};
	objectVersion = 77;
	objects = {

/* Begin PBXBuildFile section */
		EA62EA812FF33ED000EA9C27 /* Tokenizers in Frameworks */ = {isa = PBXBuildFile; productRef = EA62EA802FF33ED000EA9C27 /* Tokenizers */; };
		EAB010D72FF33AF400872073 /* MLXHuggingFace in Frameworks */ = {isa = PBXBuildFile; productRef = EAB010D62FF33AF400872073 /* MLXHuggingFace */; };
		EAB010D92FF33AF400872073 /* MLXLMCommon in Frameworks */ = {isa = PBXBuildFile; productRef = EAB010D82FF33AF400872073 /* MLXLMCommon */; };
		EAB010DB2FF33AF400872073 /* MLXLLM in Frameworks */ = {isa = PBXBuildFile; productRef = EAB010DA2FF33AF400872073 /* MLXLLM */; };
/* End PBXBuildFile section */

/* Begin PBXContainerItemProxy section */
		EAC42EF12F2979D9005A99B6 /* PBXContainerItemProxy */ = {
			isa = PBXContainerItemProxy;
			containerPortal = EAC42EDB2F2979D8005A99B6 /* Project object */;
			proxyType = 1;
			remoteGlobalIDString = EAC42EE22F2979D8005A99B6;
			remoteInfo = "ECHO-macOS-App";
		};
		EAC42EFB2F2979D9005A99B6 /* PBXContainerItemProxy */ = {
			isa = PBXContainerItemProxy;
			containerPortal = EAC42EDB2F2979D8005A99B6 /* Project object */;
			proxyType = 1;
			remoteGlobalIDString = EAC42EE22F2979D8005A99B6;
			remoteInfo = "ECHO-macOS-App";
		};
/* End PBXContainerItemProxy section */

/* Begin PBXFileReference section */
		EAC42EE32F2979D8005A99B6 /* ECHO-macOS-App.app */ = {isa = PBXFileReference; explicitFileType = wrapper.application; includeInIndex = 0; path = "ECHO-macOS-App.app"; sourceTree = BUILT_PRODUCTS_DIR; };
		EAC42EF02F2979D9005A99B6 /* ECHO-macOS-AppTests.xctest */ = {isa = PBXFileReference; explicitFileType = wrapper.cfbundle; includeInIndex = 0; path = "ECHO-macOS-AppTests.xctest"; sourceTree = BUILT_PRODUCTS_DIR; };
		EAC42EFA2F2979D9005A99B6 /* ECHO-macOS-AppUITests.xctest */ = {isa = PBXFileReference; explicitFileType = wrapper.cfbundle; includeInIndex = 0; path = "ECHO-macOS-AppUITests.xctest"; sourceTree = BUILT_PRODUCTS_DIR; };
/* End PBXFileReference section */

/* Begin PBXFileSystemSynchronizedBuildFileExceptionSet section */
		EA2E68982F2C24770037AA61 /* Exceptions for "ECHO-macOS-App" folder in "ECHO-macOS-App" target */ = {
			isa = PBXFileSystemSynchronizedBuildFileExceptionSet;
			membershipExceptions = (
				Info.plist,
			);
			target = EAC42EE22F2979D8005A99B6 /* ECHO-macOS-App */;
		};
/* End PBXFileSystemSynchronizedBuildFileExceptionSet section */

/* Begin PBXFileSystemSynchronizedRootGroup section */
		EAC42EE52F2979D8005A99B6 /* ECHO-macOS-App */ = {
			isa = PBXFileSystemSynchronizedRootGroup;
			exceptions = (
				EA2E68982F2C24770037AA61 /* Exceptions for "ECHO-macOS-App" folder in "ECHO-macOS-App" target */,
			);
			path = "ECHO-macOS-App";
			sourceTree = "<group>";
		};
		EAC42EF32F2979D9005A99B6 /* ECHO-macOS-AppTests */ = {
			isa = PBXFileSystemSynchronizedRootGroup;
			path = "ECHO-macOS-AppTests";
			sourceTree = "<group>";
		};
		EAC42EFD2F2979D9005A99B6 /* ECHO-macOS-AppUITests */ = {
			isa = PBXFileSystemSynchronizedRootGroup;
			path = "ECHO-macOS-AppUITests";
			sourceTree = "<group>";
		};
/* End PBXFileSystemSynchronizedRootGroup section */

/* Begin PBXFrameworksBuildPhase section */
		EAC42EE02F2979D8005A99B6 /* Frameworks */ = {
			isa = PBXFrameworksBuildPhase;
			buildActionMask = 2147483647;
			files = (
				EAB010D92FF33AF400872073 /* MLXLMCommon in Frameworks */,
				EAB010D72FF33AF400872073 /* MLXHuggingFace in Frameworks */,
				EAB010DB2FF33AF400872073 /* MLXLLM in Frameworks */,
				EA62EA812FF33ED000EA9C27 /* Tokenizers in Frameworks */,
			);
			runOnlyForDeploymentPostprocessing = 0;
		};
		EAC42EED2F2979D9005A99B6 /* Frameworks */ = {
			isa = PBXFrameworksBuildPhase;
			buildActionMask = 2147483647;
			files = (
			);
			runOnlyForDeploymentPostprocessing = 0;
		};
		EAC42EF72F2979D9005A99B6 /* Frameworks */ = {
			isa = PBXFrameworksBuildPhase;
			buildActionMask = 2147483647;
			files = (
			);
			runOnlyForDeploymentPostprocessing = 0;
		};
/* End PBXFrameworksBuildPhase section */

/* Begin PBXGroup section */
		EAC42EDA2F2979D8005A99B6 = {
			isa = PBXGroup;
			children = (
				EAC42EE52F2979D8005A99B6 /* ECHO-macOS-App */,
				EAC42EF32F2979D9005A99B6 /* ECHO-macOS-AppTests */,
				EAC42EFD2F2979D9005A99B6 /* ECHO-macOS-AppUITests */,
				EAC42EE42F2979D8005A99B6 /* Products */,
			);
			sourceTree = "<group>";
		};
		EAC42EE42F2979D8005A99B6 /* Products */ = {
			isa = PBXGroup;
			children = (
				EAC42EE32F2979D8005A99B6 /* ECHO-macOS-App.app */,
				EAC42EF02F2979D9005A99B6 /* ECHO-macOS-AppTests.xctest */,
				EAC42EFA2F2979D9005A99B6 /* ECHO-macOS-AppUITests.xctest */,
			);
			name = Products;
			sourceTree = "<group>";
		};
/* End PBXGroup section */

/* Begin PBXNativeTarget section */
		EAC42EE22F2979D8005A99B6 /* ECHO-macOS-App */ = {
			isa = PBXNativeTarget;
			buildConfigurationList = EAC42F042F2979D9005A99B6 /* Build configuration list for PBXNativeTarget "ECHO-macOS-App" */;
			buildPhases = (
				EAC42EDF2F2979D8005A99B6 /* Sources */,
				EAC42EE02F2979D8005A99B6 /* Frameworks */,
				EAC42EE12F2979D8005A99B6 /* Resources */,
			);
			buildRules = (
			);
			dependencies = (
			);
			fileSystemSynchronizedGroups = (
				EAC42EE52F2979D8005A99B6 /* ECHO-macOS-App */,
			);
			name = "ECHO-macOS-App";
			packageProductDependencies = (
				EAB010D62FF33AF400872073 /* MLXHuggingFace */,
				EAB010D82FF33AF400872073 /* MLXLMCommon */,
				EAB010DA2FF33AF400872073 /* MLXLLM */,
				EA62EA802FF33ED000EA9C27 /* Tokenizers */,
			);
			productName = "ECHO-macOS-App";
			productReference = EAC42EE32F2979D8005A99B6 /* ECHO-macOS-App.app */;
			productType = "com.apple.product-type.application";
		};
		EAC42EEF2F2979D9005A99B6 /* ECHO-macOS-AppTests */ = {
			isa = PBXNativeTarget;
			buildConfigurationList = EAC42F072F2979D9005A99B6 /* Build configuration list for PBXNativeTarget "ECHO-macOS-AppTests" */;
			buildPhases = (
				EAC42EEC2F2979D9005A99B6 /* Sources */,
				EAC42EED2F2979D9005A99B6 /* Frameworks */,
				EAC42EEE2F2979D9005A99B6 /* Resources */,
			);
			buildRules = (
			);
			dependencies = (
				EAC42EF22F2979D9005A99B6 /* PBXTargetDependency */,
			);
			fileSystemSynchronizedGroups = (
				EAC42EF32F2979D9005A99B6 /* ECHO-macOS-AppTests */,
			);
			name = "ECHO-macOS-AppTests";
			packageProductDependencies = (
			);
			productName = "ECHO-macOS-AppTests";
			productReference = EAC42EF02F2979D9005A99B6 /* ECHO-macOS-AppTests.xctest */;
			productType = "com.apple.product-type.bundle.unit-test";
		};
		EAC42EF92F2979D9005A99B6 /* ECHO-macOS-AppUITests */ = {
			isa = PBXNativeTarget;
			buildConfigurationList = EAC42F0A2F2979D9005A99B6 /* Build configuration list for PBXNativeTarget "ECHO-macOS-AppUITests" */;
			buildPhases = (
				EAC42EF62F2979D9005A99B6 /* Sources */,
				EAC42EF72F2979D9005A99B6 /* Frameworks */,
				EAC42EF82F2979D9005A99B6 /* Resources */,
			);
			buildRules = (
			);
			dependencies = (
				EAC42EFC2F2979D9005A99B6 /* PBXTargetDependency */,
			);
			fileSystemSynchronizedGroups = (
				EAC42EFD2F2979D9005A99B6 /* ECHO-macOS-AppUITests */,
			);
			name = "ECHO-macOS-AppUITests";
			packageProductDependencies = (
			);
			productName = "ECHO-macOS-AppUITests";
			productReference = EAC42EFA2F2979D9005A99B6 /* ECHO-macOS-AppUITests.xctest */;
			productType = "com.apple.product-type.bundle.ui-testing";
		};
/* End PBXNativeTarget section */

/* Begin PBXProject section */
		EAC42EDB2F2979D8005A99B6 /* Project object */ = {
			isa = PBXProject;
			attributes = {
				BuildIndependentTargetsInParallel = 1;
				LastSwiftUpdateCheck = 2620;
				LastUpgradeCheck = 2700;
				TargetAttributes = {
					EAC42EE22F2979D8005A99B6 = {
						CreatedOnToolsVersion = 26.2;
					};
					EAC42EEF2F2979D9005A99B6 = {
						CreatedOnToolsVersion = 26.2;
						TestTargetID = EAC42EE22F2979D8005A99B6;
					};
					EAC42EF92F2979D9005A99B6 = {
						CreatedOnToolsVersion = 26.2;
						TestTargetID = EAC42EE22F2979D8005A99B6;
					};
				};
			};
			buildConfigurationList = EAC42EDE2F2979D8005A99B6 /* Build configuration list for PBXProject "ECHO-macOS-App" */;
			developmentRegion = en;
			hasScannedForEncodings = 0;
			knownRegions = (
				en,
				Base,
			);
			mainGroup = EAC42EDA2F2979D8005A99B6;
			minimizedProjectReferenceProxies = 1;
			packageReferences = (
				EAB010D52FF33AF400872073 /* XCRemoteSwiftPackageReference "mlx-swift-lm" */,
				EA62EA7F2FF33ED000EA9C27 /* XCRemoteSwiftPackageReference "swift-transformers" */,
			);
			preferredProjectObjectVersion = 77;
			productRefGroup = EAC42EE42F2979D8005A99B6 /* Products */;
			projectDirPath = "";
			projectRoot = "";
			targets = (
				EAC42EE22F2979D8005A99B6 /* ECHO-macOS-App */,
				EAC42EEF2F2979D9005A99B6 /* ECHO-macOS-AppTests */,
				EAC42EF92F2979D9005A99B6 /* ECHO-macOS-AppUITests */,
			);
		};
/* End PBXProject section */

/* Begin PBXResourcesBuildPhase section */
		EAC42EE12F2979D8005A99B6 /* Resources */ = {
			isa = PBXResourcesBuildPhase;
			buildActionMask = 2147483647;
			files = (
			);
			runOnlyForDeploymentPostprocessing = 0;
		};
		EAC42EEE2F2979D9005A99B6 /* Resources */ = {
			isa = PBXResourcesBuildPhase;
			buildActionMask = 2147483647;
			files = (
			);
			runOnlyForDeploymentPostprocessing = 0;
		};
		EAC42EF82F2979D9005A99B6 /* Resources */ = {
			isa = PBXResourcesBuildPhase;
			buildActionMask = 2147483647;
			files = (
			);
			runOnlyForDeploymentPostprocessing = 0;
		};
/* End PBXResourcesBuildPhase section */

/* Begin PBXSourcesBuildPhase section */
		EAC42EDF2F2979D8005A99B6 /* Sources */ = {
			isa = PBXSourcesBuildPhase;
			buildActionMask = 2147483647;
			files = (
			);
			runOnlyForDeploymentPostprocessing = 0;
		};
		EAC42EEC2F2979D9005A99B6 /* Sources */ = {
			isa = PBXSourcesBuildPhase;
			buildActionMask = 2147483647;
			files = (
			);
			runOnlyForDeploymentPostprocessing = 0;
		};
		EAC42EF62F2979D9005A99B6 /* Sources */ = {
			isa = PBXSourcesBuildPhase;
			buildActionMask = 2147483647;
			files = (
			);
			runOnlyForDeploymentPostprocessing = 0;
		};
/* End PBXSourcesBuildPhase section */

/* Begin PBXTargetDependency section */
		EAC42EF22F2979D9005A99B6 /* PBXTargetDependency */ = {
			isa = PBXTargetDependency;
			target = EAC42EE22F2979D8005A99B6 /* ECHO-macOS-App */;
			targetProxy = EAC42EF12F2979D9005A99B6 /* PBXContainerItemProxy */;
		};
		EAC42EFC2F2979D9005A99B6 /* PBXTargetDependency */ = {
			isa = PBXTargetDependency;
			target = EAC42EE22F2979D8005A99B6 /* ECHO-macOS-App */;
			targetProxy = EAC42EFB2F2979D9005A99B6 /* PBXContainerItemProxy */;
		};
/* End PBXTargetDependency section */

/* Begin XCBuildConfiguration section */
		EAC42F022F2979D9005A99B6 /* Debug */ = {
			isa = XCBuildConfiguration;
			buildSettings = {
				ALWAYS_SEARCH_USER_PATHS = NO;
				ASSETCATALOG_COMPILER_GENERATE_SWIFT_ASSET_SYMBOL_EXTENSIONS = YES;
				CLANG_ANALYZER_NONNULL = YES;
				CLANG_ANALYZER_NUMBER_OBJECT_CONVERSION = YES_AGGRESSIVE;
				CLANG_CXX_LANGUAGE_STANDARD = "gnu++20";
				CLANG_ENABLE_MODULES = YES;
				CLANG_ENABLE_OBJC_ARC = YES;
				CLANG_ENABLE_OBJC_WEAK = YES;
				CLANG_WARN_BLOCK_CAPTURE_AUTORELEASING = YES;
				CLANG_WARN_BOOL_CONVERSION = YES;
				CLANG_WARN_COMMA = YES;
				CLANG_WARN_CONSTANT_CONVERSION = YES;
				CLANG_WARN_DEPRECATED_OBJC_IMPLEMENTATIONS = YES;
				CLANG_WARN_DIRECT_OBJC_ISA_USAGE = YES_ERROR;
				CLANG_WARN_DOCUMENTATION_COMMENTS = YES;
				CLANG_WARN_EMPTY_BODY = YES;
				CLANG_WARN_ENUM_CONVERSION = YES;
				CLANG_WARN_INFINITE_RECURSION = YES;
				CLANG_WARN_INT_CONVERSION = YES;
				CLANG_WARN_NON_LITERAL_NULL_CONVERSION = YES;
				CLANG_WARN_OBJC_IMPLICIT_RETAIN_SELF = YES;
				CLANG_WARN_OBJC_LITERAL_CONVERSION = YES;
				CLANG_WARN_OBJC_ROOT_CLASS = YES_ERROR;
				CLANG_WARN_QUOTED_INCLUDE_IN_FRAMEWORK_HEADER = YES;
				CLANG_WARN_RANGE_LOOP_ANALYSIS = YES;
				CLANG_WARN_STRICT_PROTOTYPES = YES;
				CLANG_WARN_SUSPICIOUS_MOVE = YES;
				CLANG_WARN_UNGUARDED_AVAILABILITY = YES_AGGRESSIVE;
				CLANG_WARN_UNREACHABLE_CODE = YES;
				CLANG_WARN__DUPLICATE_METHOD_MATCH = YES;
				COPY_PHASE_STRIP = NO;
				DEAD_CODE_STRIPPING = YES;
				DEBUG_INFORMATION_FORMAT = dwarf;
				ENABLE_STRICT_OBJC_MSGSEND = YES;
				ENABLE_TESTABILITY = YES;
				ENABLE_USER_SCRIPT_SANDBOXING = YES;
				GCC_C_LANGUAGE_STANDARD = gnu17;
				GCC_DYNAMIC_NO_PIC = NO;
				GCC_NO_COMMON_BLOCKS = YES;
				GCC_OPTIMIZATION_LEVEL = 0;
				GCC_PREPROCESSOR_DEFINITIONS = (
					"DEBUG=1",
					"$(inherited)",
				);
				GCC_WARN_64_TO_32_BIT_CONVERSION = YES;
				GCC_WARN_ABOUT_RETURN_TYPE = YES_ERROR;
				GCC_WARN_UNDECLARED_SELECTOR = YES;
				GCC_WARN_UNINITIALIZED_AUTOS = YES_AGGRESSIVE;
				GCC_WARN_UNUSED_FUNCTION = YES;
				GCC_WARN_UNUSED_VARIABLE = YES;
				LOCALIZATION_PREFERS_STRING_CATALOGS = YES;
				MACOSX_DEPLOYMENT_TARGET = 26.2;
				MTL_ENABLE_DEBUG_INFO = INCLUDE_SOURCE;
				MTL_FAST_MATH = YES;
				ONLY_ACTIVE_ARCH = YES;
				SDKROOT = macosx;
				STRING_CATALOG_GENERATE_SYMBOLS = YES;
				SWIFT_ACTIVE_COMPILATION_CONDITIONS = "DEBUG $(inherited)";
				SWIFT_OPTIMIZATION_LEVEL = "-Onone";
			};
			name = Debug;
		};
		EAC42F032F2979D9005A99B6 /* Release */ = {
			isa = XCBuildConfiguration;
			buildSettings = {
				ALWAYS_SEARCH_USER_PATHS = NO;
				ASSETCATALOG_COMPILER_GENERATE_SWIFT_ASSET_SYMBOL_EXTENSIONS = YES;
				CLANG_ANALYZER_NONNULL = YES;
				CLANG_ANALYZER_NUMBER_OBJECT_CONVERSION = YES_AGGRESSIVE;
				CLANG_CXX_LANGUAGE_STANDARD = "gnu++20";
				CLANG_ENABLE_MODULES = YES;
				CLANG_ENABLE_OBJC_ARC = YES;
				CLANG_ENABLE_OBJC_WEAK = YES;
				CLANG_WARN_BLOCK_CAPTURE_AUTORELEASING = YES;
				CLANG_WARN_BOOL_CONVERSION = YES;
				CLANG_WARN_COMMA = YES;
				CLANG_WARN_CONSTANT_CONVERSION = YES;
				CLANG_WARN_DEPRECATED_OBJC_IMPLEMENTATIONS = YES;
				CLANG_WARN_DIRECT_OBJC_ISA_USAGE = YES_ERROR;
				CLANG_WARN_DOCUMENTATION_COMMENTS = YES;
				CLANG_WARN_EMPTY_BODY = YES;
				CLANG_WARN_ENUM_CONVERSION = YES;
				CLANG_WARN_INFINITE_RECURSION = YES;
				CLANG_WARN_INT_CONVERSION = YES;
				CLANG_WARN_NON_LITERAL_NULL_CONVERSION = YES;
				CLANG_WARN_OBJC_IMPLICIT_RETAIN_SELF = YES;
				CLANG_WARN_OBJC_LITERAL_CONVERSION = YES;
				CLANG_WARN_OBJC_ROOT_CLASS = YES_ERROR;
				CLANG_WARN_QUOTED_INCLUDE_IN_FRAMEWORK_HEADER = YES;
				CLANG_WARN_RANGE_LOOP_ANALYSIS = YES;
				CLANG_WARN_STRICT_PROTOTYPES = YES;
				CLANG_WARN_SUSPICIOUS_MOVE = YES;
				CLANG_WARN_UNGUARDED_AVAILABILITY = YES_AGGRESSIVE;
				CLANG_WARN_UNREACHABLE_CODE = YES;
				CLANG_WARN__DUPLICATE_METHOD_MATCH = YES;
				COPY_PHASE_STRIP = NO;
				DEAD_CODE_STRIPPING = YES;
				DEBUG_INFORMATION_FORMAT = "dwarf-with-dsym";
				ENABLE_NS_ASSERTIONS = NO;
				ENABLE_STRICT_OBJC_MSGSEND = YES;
				ENABLE_USER_SCRIPT_SANDBOXING = YES;
				GCC_C_LANGUAGE_STANDARD = gnu17;
				GCC_NO_COMMON_BLOCKS = YES;
				GCC_WARN_64_TO_32_BIT_CONVERSION = YES;
				GCC_WARN_ABOUT_RETURN_TYPE = YES_ERROR;
				GCC_WARN_UNDECLARED_SELECTOR = YES;
				GCC_WARN_UNINITIALIZED_AUTOS = YES_AGGRESSIVE;
				GCC_WARN_UNUSED_FUNCTION = YES;
				GCC_WARN_UNUSED_VARIABLE = YES;
				LOCALIZATION_PREFERS_STRING_CATALOGS = YES;
				MACOSX_DEPLOYMENT_TARGET = 26.2;
				MTL_ENABLE_DEBUG_INFO = NO;
				MTL_FAST_MATH = YES;
				SDKROOT = macosx;
				STRING_CATALOG_GENERATE_SYMBOLS = YES;
				SWIFT_COMPILATION_MODE = wholemodule;
			};
			name = Release;
		};
		EAC42F052F2979D9005A99B6 /* Debug */ = {
			isa = XCBuildConfiguration;
			buildSettings = {
				ASSETCATALOG_COMPILER_APPICON_NAME = AppIcon;
				ASSETCATALOG_COMPILER_GLOBAL_ACCENT_COLOR_NAME = AccentColor;
				ASSETCATALOG_COMPILER_INCLUDE_ALL_APPICON_ASSETS = YES;
				"CODE_SIGN_IDENTITY[sdk=macosx*]" = "Apple Development";
				CODE_SIGN_STYLE = Automatic;
				COMBINE_HIDPI_IMAGES = YES;
				CURRENT_PROJECT_VERSION = 1;
				DEAD_CODE_STRIPPING = YES;
				DEVELOPMENT_TEAM = T55Y6A6V7Y;
				ENABLE_APP_SANDBOX = NO;
				ENABLE_PREVIEWS = YES;
				GENERATE_INFOPLIST_FILE = YES;
				INFOPLIST_FILE = "ECHO-macOS-App/Info.plist";
				INFOPLIST_KEY_NSHumanReadableCopyright = "";
				LD_RUNPATH_SEARCH_PATHS = (
					"$(inherited)",
					"@executable_path/../Frameworks",
				);
				MARKETING_VERSION = 1.0;
				PRODUCT_BUNDLE_IDENTIFIER = "qmind.ECHO-macOS-App";
				PRODUCT_NAME = "$(TARGET_NAME)";
				REGISTER_APP_GROUPS = YES;
				STRING_CATALOG_GENERATE_SYMBOLS = YES;
				SWIFT_APPROACHABLE_CONCURRENCY = YES;
				SWIFT_DEFAULT_ACTOR_ISOLATION = MainActor;
				SWIFT_EMIT_LOC_STRINGS = YES;
				SWIFT_UPCOMING_FEATURE_MEMBER_IMPORT_VISIBILITY = YES;
				SWIFT_VERSION = 5.0;
			};
			name = Debug;
		};
		EAC42F062F2979D9005A99B6 /* Release */ = {
			isa = XCBuildConfiguration;
			buildSettings = {
				ASSETCATALOG_COMPILER_APPICON_NAME = AppIcon;
				ASSETCATALOG_COMPILER_GLOBAL_ACCENT_COLOR_NAME = AccentColor;
				ASSETCATALOG_COMPILER_INCLUDE_ALL_APPICON_ASSETS = YES;
				"CODE_SIGN_IDENTITY[sdk=macosx*]" = "Apple Development";
				CODE_SIGN_STYLE = Automatic;
				COMBINE_HIDPI_IMAGES = YES;
				CURRENT_PROJECT_VERSION = 1;
				DEAD_CODE_STRIPPING = YES;
				DEVELOPMENT_TEAM = T55Y6A6V7Y;
				ENABLE_APP_SANDBOX = NO;
				ENABLE_PREVIEWS = YES;
				GENERATE_INFOPLIST_FILE = YES;
				INFOPLIST_FILE = "ECHO-macOS-App/Info.plist";
				INFOPLIST_KEY_NSHumanReadableCopyright = "";
				LD_RUNPATH_SEARCH_PATHS = (
					"$(inherited)",
					"@executable_path/../Frameworks",
				);
				MARKETING_VERSION = 1.0;
				PRODUCT_BUNDLE_IDENTIFIER = "qmind.ECHO-macOS-App";
				PRODUCT_NAME = "$(TARGET_NAME)";
				REGISTER_APP_GROUPS = YES;
				STRING_CATALOG_GENERATE_SYMBOLS = YES;
				SWIFT_APPROACHABLE_CONCURRENCY = YES;
				SWIFT_DEFAULT_ACTOR_ISOLATION = MainActor;
				SWIFT_EMIT_LOC_STRINGS = YES;
				SWIFT_UPCOMING_FEATURE_MEMBER_IMPORT_VISIBILITY = YES;
				SWIFT_VERSION = 5.0;
			};
			name = Release;
		};
		EAC42F082F2979D9005A99B6 /* Debug */ = {
			isa = XCBuildConfiguration;
			buildSettings = {
				BUNDLE_LOADER = "$(TEST_HOST)";
				CODE_SIGN_STYLE = Automatic;
				CURRENT_PROJECT_VERSION = 1;
				DEAD_CODE_STRIPPING = YES;
				GENERATE_INFOPLIST_FILE = YES;
				MACOSX_DEPLOYMENT_TARGET = 26.2;
				MARKETING_VERSION = 1.0;
				PRODUCT_BUNDLE_IDENTIFIER = "qmind.ECHO-macOS-AppTests";
				PRODUCT_NAME = "$(TARGET_NAME)";
				STRING_CATALOG_GENERATE_SYMBOLS = NO;
				SWIFT_APPROACHABLE_CONCURRENCY = YES;
				SWIFT_EMIT_LOC_STRINGS = NO;
				SWIFT_UPCOMING_FEATURE_MEMBER_IMPORT_VISIBILITY = YES;
				SWIFT_VERSION = 5.0;
				TEST_HOST = "$(BUILT_PRODUCTS_DIR)/ECHO-macOS-App.app/$(BUNDLE_EXECUTABLE_FOLDER_PATH)/ECHO-macOS-App";
			};
			name = Debug;
		};
		EAC42F092F2979D9005A99B6 /* Release */ = {
			isa = XCBuildConfiguration;
			buildSettings = {
				BUNDLE_LOADER = "$(TEST_HOST)";
				"CODE_SIGN_IDENTITY[sdk=macosx*]" = "Apple Development";
				CODE_SIGN_STYLE = Automatic;
				CURRENT_PROJECT_VERSION = 1;
				DEAD_CODE_STRIPPING = YES;
				DEVELOPMENT_TEAM = T55Y6A6V7Y;
				GENERATE_INFOPLIST_FILE = YES;
				MACOSX_DEPLOYMENT_TARGET = 26.2;
				MARKETING_VERSION = 1.0;
				PRODUCT_BUNDLE_IDENTIFIER = "qmind.ECHO-macOS-AppTests";
				PRODUCT_NAME = "$(TARGET_NAME)";
				STRING_CATALOG_GENERATE_SYMBOLS = NO;
				SWIFT_APPROACHABLE_CONCURRENCY = YES;
				SWIFT_EMIT_LOC_STRINGS = NO;
				SWIFT_UPCOMING_FEATURE_MEMBER_IMPORT_VISIBILITY = YES;
				SWIFT_VERSION = 5.0;
				TEST_HOST = "$(BUILT_PRODUCTS_DIR)/ECHO-macOS-App.app/$(BUNDLE_EXECUTABLE_FOLDER_PATH)/ECHO-macOS-App";
			};
			name = Release;
		};
		EAC42F0B2F2979D9005A99B6 /* Debug */ = {
			isa = XCBuildConfiguration;
			buildSettings = {
				CODE_SIGN_STYLE = Automatic;
				CURRENT_PROJECT_VERSION = 1;
				DEAD_CODE_STRIPPING = YES;
				GENERATE_INFOPLIST_FILE = YES;
				MARKETING_VERSION = 1.0;
				PRODUCT_BUNDLE_IDENTIFIER = "qmind.ECHO-macOS-AppUITests";
				PRODUCT_NAME = "$(TARGET_NAME)";
				STRING_CATALOG_GENERATE_SYMBOLS = NO;
				SWIFT_APPROACHABLE_CONCURRENCY = YES;
				SWIFT_EMIT_LOC_STRINGS = NO;
				SWIFT_UPCOMING_FEATURE_MEMBER_IMPORT_VISIBILITY = YES;
				SWIFT_VERSION = 5.0;
				TEST_TARGET_NAME = "ECHO-macOS-App";
			};
			name = Debug;
		};
		EAC42F0C2F2979D9005A99B6 /* Release */ = {
			isa = XCBuildConfiguration;
			buildSettings = {
				"CODE_SIGN_IDENTITY[sdk=macosx*]" = "Apple Development";
				CODE_SIGN_STYLE = Automatic;
				CURRENT_PROJECT_VERSION = 1;
				DEAD_CODE_STRIPPING = YES;
				DEVELOPMENT_TEAM = T55Y6A6V7Y;
				GENERATE_INFOPLIST_FILE = YES;
				MARKETING_VERSION = 1.0;
				PRODUCT_BUNDLE_IDENTIFIER = "qmind.ECHO-macOS-AppUITests";
				PRODUCT_NAME = "$(TARGET_NAME)";
				STRING_CATALOG_GENERATE_SYMBOLS = NO;
				SWIFT_APPROACHABLE_CONCURRENCY = YES;
				SWIFT_EMIT_LOC_STRINGS = NO;
				SWIFT_UPCOMING_FEATURE_MEMBER_IMPORT_VISIBILITY = YES;
				SWIFT_VERSION = 5.0;
				TEST_TARGET_NAME = "ECHO-macOS-App";
			};
			name = Release;
		};
/* End XCBuildConfiguration section */

/* Begin XCConfigurationList section */
		EAC42EDE2F2979D8005A99B6 /* Build configuration list for PBXProject "ECHO-macOS-App" */ = {
			isa = XCConfigurationList;
			buildConfigurations = (
				EAC42F022F2979D9005A99B6 /* Debug */,
				EAC42F032F2979D9005A99B6 /* Release */,
			);
			defaultConfigurationIsVisible = 0;
			defaultConfigurationName = Release;
		};
		EAC42F042F2979D9005A99B6 /* Build configuration list for PBXNativeTarget "ECHO-macOS-App" */ = {
			isa = XCConfigurationList;
			buildConfigurations = (
				EAC42F052F2979D9005A99B6 /* Debug */,
				EAC42F062F2979D9005A99B6 /* Release */,
			);
			defaultConfigurationIsVisible = 0;
			defaultConfigurationName = Release;
		};
		EAC42F072F2979D9005A99B6 /* Build configuration list for PBXNativeTarget "ECHO-macOS-AppTests" */ = {
			isa = XCConfigurationList;
			buildConfigurations = (
				EAC42F082F2979D9005A99B6 /* Debug */,
				EAC42F092F2979D9005A99B6 /* Release */,
			);
			defaultConfigurationIsVisible = 0;
			defaultConfigurationName = Release;
		};
		EAC42F0A2F2979D9005A99B6 /* Build configuration list for PBXNativeTarget "ECHO-macOS-AppUITests" */ = {
			isa = XCConfigurationList;
			buildConfigurations = (
				EAC42F0B2F2979D9005A99B6 /* Debug */,
				EAC42F0C2F2979D9005A99B6 /* Release */,
			);
			defaultConfigurationIsVisible = 0;
			defaultConfigurationName = Release;
		};
/* End XCConfigurationList section */

/* Begin XCRemoteSwiftPackageReference section */
		EA62EA7F2FF33ED000EA9C27 /* XCRemoteSwiftPackageReference "swift-transformers" */ = {
			isa = XCRemoteSwiftPackageReference;
			repositoryURL = "https://github.com/huggingface/swift-transformers.git";
			requirement = {
				kind = upToNextMajorVersion;
				minimumVersion = 1.3.3;
			};
		};
		EAB010D52FF33AF400872073 /* XCRemoteSwiftPackageReference "mlx-swift-lm" */ = {
			isa = XCRemoteSwiftPackageReference;
			repositoryURL = "https://github.com/ml-explore/mlx-swift-lm";
			requirement = {
				kind = upToNextMajorVersion;
				minimumVersion = 3.31.3;
			};
		};
/* End XCRemoteSwiftPackageReference section */

/* Begin XCSwiftPackageProductDependency section */
		EA62EA802FF33ED000EA9C27 /* Tokenizers */ = {
			isa = XCSwiftPackageProductDependency;
			package = EA62EA7F2FF33ED000EA9C27 /* XCRemoteSwiftPackageReference "swift-transformers" */;
			productName = Tokenizers;
		};
		EAB010D62FF33AF400872073 /* MLXHuggingFace */ = {
			isa = XCSwiftPackageProductDependency;
			package = EAB010D52FF33AF400872073 /* XCRemoteSwiftPackageReference "mlx-swift-lm" */;
			productName = MLXHuggingFace;
		};
		EAB010D82FF33AF400872073 /* MLXLMCommon */ = {
			isa = XCSwiftPackageProductDependency;
			package = EAB010D52FF33AF400872073 /* XCRemoteSwiftPackageReference "mlx-swift-lm" */;
			productName = MLXLMCommon;
		};
		EAB010DA2FF33AF400872073 /* MLXLLM */ = {
			isa = XCSwiftPackageProductDependency;
			package = EAB010D52FF33AF400872073 /* XCRemoteSwiftPackageReference "mlx-swift-lm" */;
			productName = MLXLLM;
		};
/* End XCSwiftPackageProductDependency section */
	};
	rootObject = EAC42EDB2F2979D8005A99B6 /* Project object */;
}
